
Microsoft Visual Studio Solution File, Format Version 12.00
# Visual Studio Version 17
VisualStudioVersion = 17.0.31903.59
MinimumVisualStudioVersion = 10.0.40219.1
Project("{FAE04EC0-301F-11D3-BF4B-00C04F79EFBC}") = "advent-of-code-2024", "advent-of-code-2024.csproj", "{1B54D933-507B-4F44-9BE3-F1794B593AF7}"
EndProject
Global
	GlobalSection(SolutionConfigurationPlatforms) = preSolution
		Debug|Any CPU = Debug|Any CPU
		Release|Any CPU = Release|Any CPU
	EndGlobalSection
	GlobalSection(ProjectConfigurationPlatforms) = postSolution
		{1B54D933-507B-4F44-9BE3-F1794B593AF7}.Debug|Any CPU.ActiveCfg = Debug|Any CPU
		{1B54D933-507B-4F44-9BE3-F1794B593AF7}.Debug|Any CPU.Build.0 = Debug|Any CPU
		{1B54D933-507B-4F44-9BE3-F1794B593AF7}.Release|Any CPU.ActiveCfg = Release|Any CPU
		{1B54D933-507B-4F44-9BE3-F1794B593AF7}.Release|Any CPU.Build.0 = Release|Any CPU
	EndGlobalSection
	GlobalSection(SolutionProperties) = preSolution
		HideSolutionNode = FALSE
	EndGlobalSection
	GlobalSection(ExtensibilityGlobals) = postSolution
		SolutionGuid = {17D280F0-AD9F-481E-8687-28AAB4A54437}
	EndGlobalSection
EndGlobal
